{
  "name": "ask-gemini",
  "version": "2.0.1",
  "lockfileVersion": 2,
  "requires": true,
  "packages": {
    "": {
      "name": "ask-gemini",
      "version": "2.0.1",
      "license": "ISC",
      "dependencies": {
        "@google/generative-ai": "^0.11.3",
        "@types/node": "^18.0.6"
      },
      "devDependencies": {}
    },
    "node_modules/@google/generative-ai": {
      "version": "0.11.3",
      "resolved": "https://registry.npmjs.org/@google/generative-ai/-/generative-ai-0.11.3.tgz",
      "integrity": "sha512-QtQ1hz6rcybbw35uxXlFF26KNnaTVr2oWwnmDkC1M35KdzN4tVc4wakgJp8uXbY9KDCNHksyp11DbFg0HPckZQ==",
      "engines": {
        "node": ">=18.0.0"
      }
    },
    "node_modules/@types/node": {
      "version": "18.0.6",
      "resolved": "https://registry.npmjs.org/@types/node/-/node-18.0.6.tgz",
      "integrity": "sha512-/xUq6H2aQm261exT6iZTMifUySEt4GR5KX8eYyY+C4MSNPqSh9oNIP7tz2GLKTlFaiBbgZNxffoR3CVRG+cljw=="
    }
  },
  "dependencies": {
    "@google/generative-ai": {
      "version": "0.11.3",
      "resolved": "https://registry.npmjs.org/@google/generative-ai/-/generative-ai-0.11.3.tgz",
      "integrity": "sha512-QtQ1hz6rcybbw35uxXlFF26KNnaTVr2oWwnmDkC1M35KdzN4tVc4wakgJp8uXbY9KDCNHksyp11DbFg0HPckZQ=="
    },
    "@types/node": {
      "version": "18.0.6",
      "resolved": "https://registry.npmjs.org/@types/node/-/node-18.0.6.tgz",
      "integrity": "sha512-/xUq6H2aQm261exT6iZTMifUySEt4GR5KX8eYyY+C4MSNPqSh9oNIP7tz2GLKTlFaiBbgZNxffoR3CVRG+cljw=="
    }
  }
}
